// !$*UTF8*$!
{
	archiveVersion = 1;
	classes = {
	};
	objectVersion = 46;
	objects = {

/* Begin PBXBuildFile section */
		35AF3E841F3C51FF007F683D /* AppDelegate.swift in Sources */ = {isa = PBXBuildFile; fileRef = 35AF3E831F3C51FF007F683D /* AppDelegate.swift */; };
		35AF3E861F3C51FF007F683D /* ViewController.swift in Sources */ = {isa = PBXBuildFile; fileRef = 35AF3E851F3C51FF007F683D /* ViewController.swift */; };
		35AF3E891F3C51FF007F683D /* Main.storyboard in Resources */ = {isa = PBXBuildFile; fileRef = 35AF3E871F3C51FF007F683D /* Main.storyboard */; };
		35AF3E8B1F3C51FF007F683D /* Assets.xcassets in Resources */ = {isa = PBXBuildFile; fileRef = 35AF3E8A1F3C51FF007F683D /* Assets.xcassets */; };
		35AF3E8E1F3C51FF007F683D /* LaunchScreen.storyboard in Resources */ = {isa = PBXBuildFile; fileRef = 35AF3E8C1F3C51FF007F683D /* LaunchScreen.storyboard */; };
		35AF3E961F3C5269007F683D /* Note.swift in Sources */ = {isa = PBXBuildFile; fileRef = 35AF3E951F3C5269007F683D /* Note.swift */; };
		35AF3E981F3C5272007F683D /* NoteDao.swift in Sources */ = {isa = PBXBuildFile; fileRef = 35AF3E971F3C5272007F683D /* NoteDao.swift */; };
		35AF3E9A1F3C52D4007F683D /* NotesList.plist in Resources */ = {isa = PBXBuildFile; fileRef = 35AF3E991F3C52D4007F683D /* NotesList.plist */; };
/* End PBXBuildFile section */

/* Begin PBXFileReference section */
		35AF3E801F3C51FF007F683D /* MySandBox.app */ = {isa = PBXFileReference; explicitFileType = wrapper.application; includeInIndex = 0; path = MySandBox.app; sourceTree = BUILT_PRODUCTS_DIR; };
		35AF3E831F3C51FF007F683D /* AppDelegate.swift */ = {isa = PBXFileReference; lastKnownFileType = sourcecode.swift; path = AppDelegate.swift; sourceTree = "<group>"; };
		35AF3E851F3C51FF007F683D /* ViewController.swift */ = {isa = PBXFileReference; lastKnownFileType = sourcecode.swift; path = ViewController.swift; sourceTree = "<group>"; };
		35AF3E881F3C51FF007F683D /* Base */ = {isa = PBXFileReference; lastKnownFileType = file.storyboard; name = Base; path = Base.lproj/Main.storyboard; sourceTree = "<group>"; };
		35AF3E8A1F3C51FF007F683D /* Assets.xcassets */ = {isa = PBXFileReference; lastKnownFileType = folder.assetcatalog; path = Assets.xcassets; sourceTree = "<group>"; };
		35AF3E8D1F3C51FF007F683D /* Base */ = {isa = PBXFileReference; lastKnownFileType = file.storyboard; name = Base; path = Base.lproj/LaunchScreen.storyboard; sourceTree = "<group>"; };
		35AF3E8F1F3C51FF007F683D /* Info.plist */ = {isa = PBXFileReference; lastKnownFileType = text.plist.xml; path = Info.plist; sourceTree = "<group>"; };
		35AF3E951F3C5269007F683D /* Note.swift */ = {isa = PBXFileReference; fileEncoding = 4; lastKnownFileType = sourcecode.swift; name = Note.swift; path = MySandBox/Note.swift; sourceTree = "<group>"; };
		35AF3E971F3C5272007F683D /* NoteDao.swift */ = {isa = PBXFileReference; fileEncoding = 4; lastKnownFileType = sourcecode.swift; name = NoteDao.swift; path = MySandBox/NoteDao.swift; sourceTree = "<group>"; };
		35AF3E991F3C52D4007F683D /* NotesList.plist */ = {isa = PBXFileReference; fileEncoding = 4; lastKnownFileType = text.plist.xml; path = NotesList.plist; sourceTree = "<group>"; };
/* End PBXFileReference section */

/* Begin PBXFrameworksBuildPhase section */
		35AF3E7D1F3C51FF007F683D /* Frameworks */ = {
			isa = PBXFrameworksBuildPhase;
			buildActionMask = 2147483647;
			files = (
			);
			runOnlyForDeploymentPostprocessing = 0;
		};
/* End PBXFrameworksBuildPhase section */

/* Begin PBXGroup section */
		35AF3E771F3C51FF007F683D = {
			isa = PBXGroup;
			children = (
				35AF3E971F3C5272007F683D /* NoteDao.swift */,
				35AF3E951F3C5269007F683D /* Note.swift */,
				35AF3E991F3C52D4007F683D /* NotesList.plist */,
				35AF3E821F3C51FF007F683D /* MySandBox */,
				35AF3E811F3C51FF007F683D /* Products */,
			);
			sourceTree = "<group>";
		};
		35AF3E811F3C51FF007F683D /* Products */ = {
			isa = PBXGroup;
			children = (
				35AF3E801F3C51FF007F683D /* MySandBox.app */,
			);
			name = Products;
			sourceTree = "<group>";
		};
		35AF3E821F3C51FF007F683D /* MySandBox */ = {
			isa = PBXGroup;
			children = (
				35AF3E831F3C51FF007F683D /* AppDelegate.swift */,
				35AF3E851F3C51FF007F683D /* ViewController.swift */,
				35AF3E871F3C51FF007F683D /* Main.storyboard */,
				35AF3E8A1F3C51FF007F683D /* Assets.xcassets */,
				35AF3E8C1F3C51FF007F683D /* LaunchScreen.storyboard */,
				35AF3E8F1F3C51FF007F683D /* Info.plist */,
			);
			path = MySandBox;
			sourceTree = "<group>";
		};
/* End PBXGroup section */

/* Begin PBXNativeTarget section */
		35AF3E7F1F3C51FF007F683D /* MySandBox */ = {
			isa = PBXNativeTarget;
			buildConfigurationList = 35AF3E921F3C51FF007F683D /* Build configuration list for PBXNativeTarget "MySandBox" */;
			buildPhases = (
				35AF3E7C1F3C51FF007F683D /* Sources */,
				35AF3E7D1F3C51FF007F683D /* Frameworks */,
				35AF3E7E1F3C51FF007F683D /* Resources */,
			);
			buildRules = (
			);
			dependencies = (
			);
			name = MySandBox;
			productName = MySandBox;
			productReference = 35AF3E801F3C51FF007F683D /* MySandBox.app */;
			productType = "com.apple.product-type.application";
		};
/* End PBXNativeTarget section */

/* Begin PBXProject section */
		35AF3E781F3C51FF007F683D /* Project object */ = {
			isa = PBXProject;
			attributes = {
				LastSwiftUpdateCheck = 0830;
				LastUpgradeCheck = 0830;
				ORGANIZATIONNAME = Ding;
				TargetAttributes = {
					35AF3E7F1F3C51FF007F683D = {
						CreatedOnToolsVersion = 8.3.3;
						ProvisioningStyle = Automatic;
					};
				};
			};
			buildConfigurationList = 35AF3E7B1F3C51FF007F683D /* Build configuration list for PBXProject "MySandBox" */;
			compatibilityVersion = "Xcode 3.2";
			developmentRegion = English;
			hasScannedForEncodings = 0;
			knownRegions = (
				en,
				Base,
			);
			mainGroup = 35AF3E771F3C51FF007F683D;
			productRefGroup = 35AF3E811F3C51FF007F683D /* Products */;
			projectDirPath = "";
			projectRoot = "";
			targets = (
				35AF3E7F1F3C51FF007F683D /* MySandBox */,
			);
		};
/* End PBXProject section */

/* Begin PBXResourcesBuildPhase section */
		35AF3E7E1F3C51FF007F683D /* Resources */ = {
			isa = PBXResourcesBuildPhase;
			buildActionMask = 2147483647;
			files = (
				35AF3E8E1F3C51FF007F683D /* LaunchScreen.storyboard in Resources */,
				35AF3E8B1F3C51FF007F683D /* Assets.xcassets in Resources */,
				35AF3E9A1F3C52D4007F683D /* NotesList.plist in Resources */,
				35AF3E891F3C51FF007F683D /* Main.storyboard in Resources */,
			);
			runOnlyForDeploymentPostprocessing = 0;
		};
/* End PBXResourcesBuildPhase section */

/* Begin PBXSourcesBuildPhase section */
		35AF3E7C1F3C51FF007F683D /* Sources */ = {
			isa = PBXSourcesBuildPhase;
			buildActionMask = 2147483647;
			files = (
				35AF3E861F3C51FF007F683D /* ViewController.swift in Sources */,
				35AF3E841F3C51FF007F683D /* AppDelegate.swift in Sources */,
				35AF3E981F3C5272007F683D /* NoteDao.swift in Sources */,
				35AF3E961F3C5269007F683D /* Note.swift in Sources */,
			);
			runOnlyForDeploymentPostprocessing = 0;
		};
/* End PBXSourcesBuildPhase section */

/* Begin PBXVariantGroup section */
		35AF3E871F3C51FF007F683D /* Main.storyboard */ = {
			isa = PBXVariantGroup;
			children = (
				35AF3E881F3C51FF007F683D /* Base */,
			);
			name = Main.storyboard;
			sourceTree = "<group>";
		};
		35AF3E8C1F3C51FF007F683D /* LaunchScreen.storyboard */ = {
			isa = PBXVariantGroup;
			children = (
				35AF3E8D1F3C51FF007F683D /* Base */,
			);
			name = LaunchScreen.storyboard;
			sourceTree = "<group>";
		};
/* End PBXVariantGroup section */

/* Begin XCBuildConfiguration section */
		35AF3E901F3C51FF007F683D /* Debug */ = {
			isa = XCBuildConfiguration;
			buildSettings = {
				ALWAYS_SEARCH_USER_PATHS = NO;
				CLANG_ANALYZER_NONNULL = YES;
				CLANG_ANALYZER_NUMBER_OBJECT_CONVERSION = YES_AGGRESSIVE;
				CLANG_CXX_LANGUAGE_STANDARD = "gnu++0x";
				CLANG_CXX_LIBRARY = "libc++";
				CLANG_ENABLE_MODULES = YES;
				CLANG_ENABLE_OBJC_ARC = YES;
				CLANG_WARN_BOOL_CONVERSION = YES;
				CLANG_WARN_CONSTANT_CONVERSION = YES;
				CLANG_WARN_DIRECT_OBJC_ISA_USAGE = YES_ERROR;
				CLANG_WARN_DOCUMENTATION_COMMENTS = YES;
				CLANG_WARN_EMPTY_BODY = YES;
				CLANG_WARN_ENUM_CONVERSION = YES;
				CLANG_WARN_INFINITE_RECURSION = YES;
				CLANG_WARN_INT_CONVERSION = YES;
				CLANG_WARN_OBJC_ROOT_CLASS = YES_ERROR;
				CLANG_WARN_SUSPICIOUS_MOVE = YES;
				CLANG_WARN_UNREACHABLE_CODE = YES;
				CLANG_WARN__DUPLICATE_METHOD_MATCH = YES;
				"CODE_SIGN_IDENTITY[sdk=iphoneos*]" = "iPhone Developer";
				COPY_PHASE_STRIP = NO;
				DEBUG_INFORMATION_FORMAT = dwarf;
				ENABLE_STRICT_OBJC_MSGSEND = YES;
				ENABLE_TESTABILITY = YES;
				GCC_C_LANGUAGE_STANDARD = gnu99;
				GCC_DYNAMIC_NO_PIC = NO;
				GCC_NO_COMMON_BLOCKS = YES;
				GCC_OPTIMIZATION_LEVEL = 0;
				GCC_PREPROCESSOR_DEFINITIONS = (
					"DEBUG=1",
					"$(inherited)",
				);
				GCC_WARN_64_TO_32_BIT_CONVERSION = YES;
				GCC_WARN_ABOUT_RETURN_TYPE = YES_ERROR;
				GCC_WARN_UNDECLARED_SELECTOR = YES;
				GCC_WARN_UNINITIALIZED_AUTOS = YES_AGGRESSIVE;
				GCC_WARN_UNUSED_FUNCTION = YES;
				GCC_WARN_UNUSED_VARIABLE = YES;
				IPHONEOS_DEPLOYMENT_TARGET = 10.3;
				MTL_ENABLE_DEBUG_INFO = YES;
				ONLY_ACTIVE_ARCH = YES;
				SDKROOT = iphoneos;
				SWIFT_ACTIVE_COMPILATION_CONDITIONS = DEBUG;
				SWIFT_OPTIMIZATION_LEVEL = "-Onone";
			};
			name = Debug;
		};
		35AF3E911F3C51FF007F683D /* Release */ = {
			isa = XCBuildConfiguration;
			buildSettings = {
				ALWAYS_SEARCH_USER_PATHS = NO;
				CLANG_ANALYZER_NONNULL = YES;
				CLANG_ANALYZER_NUMBER_OBJECT_CONVERSION = YES_AGGRESSIVE;
				CLANG_CXX_LANGUAGE_STANDARD = "gnu++0x";
				CLANG_CXX_LIBRARY = "libc++";
				CLANG_ENABLE_MODULES = YES;
				CLANG_ENABLE_OBJC_ARC = YES;
				CLANG_WARN_BOOL_CONVERSION = YES;
				CLANG_WARN_CONSTANT_CONVERSION = YES;
				CLANG_WARN_DIRECT_OBJC_ISA_USAGE = YES_ERROR;
				CLANG_WARN_DOCUMENTATION_COMMENTS = YES;
				CLANG_WARN_EMPTY_BODY = YES;
				CLANG_WARN_ENUM_CONVERSION = YES;
				CLANG_WARN_INFINITE_RECURSION = YES;
				CLANG_WARN_INT_CONVERSION = YES;
				CLANG_WARN_OBJC_ROOT_CLASS = YES_ERROR;
				CLANG_WARN_SUSPICIOUS_MOVE = YES;
				CLANG_WARN_UNREACHABLE_CODE = YES;
				CLANG_WARN__DUPLICATE_METHOD_MATCH = YES;
				"CODE_SIGN_IDENTITY[sdk=iphoneos*]" = "iPhone Developer";
				COPY_PHASE_STRIP = NO;
				DEBUG_INFORMATION_FORMAT = "dwarf-with-dsym";
				ENABLE_NS_ASSERTIONS = NO;
				ENABLE_STRICT_OBJC_MSGSEND = YES;
				GCC_C_LANGUAGE_STANDARD = gnu99;
				GCC_NO_COMMON_BLOCKS = YES;
				GCC_WARN_64_TO_32_BIT_CONVERSION = YES;
				GCC_WARN_ABOUT_RETURN_TYPE = YES_ERROR;
				GCC_WARN_UNDECLARED_SELECTOR = YES;
				GCC_WARN_UNINITIALIZED_AUTOS = YES_AGGRESSIVE;
				GCC_WARN_UNUSED_FUNCTION = YES;
				GCC_WARN_UNUSED_VARIABLE = YES;
				IPHONEOS_DEPLOYMENT_TARGET = 10.3;
				MTL_ENABLE_DEBUG_INFO = NO;
				SDKROOT = iphoneos;
				SWIFT_OPTIMIZATION_LEVEL = "-Owholemodule";
				VALIDATE_PRODUCT = YES;
			};
			name = Release;
		};
		35AF3E931F3C51FF007F683D /* Debug */ = {
			isa = XCBuildConfiguration;
			buildSettings = {
				ASSETCATALOG_COMPILER_APPICON_NAME = AppIcon;
				INFOPLIST_FILE = MySandBox/Info.plist;
				LD_RUNPATH_SEARCH_PATHS = "$(inherited) @executable_path/Frameworks";
				PRODUCT_BUNDLE_IDENTIFIER = Ding.MySandBox;
				PRODUCT_NAME = "$(TARGET_NAME)";
				SWIFT_VERSION = 3.0;
			};
			name = Debug;
		};
		35AF3E941F3C51FF007F683D /* Release */ = {
			isa = XCBuildConfiguration;
			buildSettings = {
				ASSETCATALOG_COMPILER_APPICON_NAME = AppIcon;
				INFOPLIST_FILE = MySandBox/Info.plist;
				LD_RUNPATH_SEARCH_PATHS = "$(inherited) @executable_path/Frameworks";
				PRODUCT_BUNDLE_IDENTIFIER = Ding.MySandBox;
				PRODUCT_NAME = "$(TARGET_NAME)";
				SWIFT_VERSION = 3.0;
			};
			name = Release;
		};
/* End XCBuildConfiguration section */

/* Begin XCConfigurationList section */
		35AF3E7B1F3C51FF007F683D /* Build configuration list for PBXProject "MySandBox" */ = {
			isa = XCConfigurationList;
			buildConfigurations = (
				35AF3E901F3C51FF007F683D /* Debug */,
				35AF3E911F3C51FF007F683D /* Release */,
			);
			defaultConfigurationIsVisible = 0;
			defaultConfigurationName = Release;
		};
		35AF3E921F3C51FF007F683D /* Build configuration list for PBXNativeTarget "MySandBox" */ = {
			isa = XCConfigurationList;
			buildConfigurations = (
				35AF3E931F3C51FF007F683D /* Debug */,
				35AF3E941F3C51FF007F683D /* Release */,
			);
			defaultConfigurationIsVisible = 0;
		};
/* End XCConfigurationList section */
	};
	rootObject = 35AF3E781F3C51FF007F683D /* Project object */;
}
